dependencies:
- name: insight-api-gateway
  repository: file://../../src/backend/services/api-gateway/helm
  version: 0.1.0
- name: insight-analytics-api
  repository: file://../../src/backend/services/analytics-api/helm
  version: 0.1.0
- name: insight-identity
  repository: file://../../src/backend/services/identity/helm
  version: 0.1.0
- name: insight-frontend
  repository: file://../../src/frontend/helm
  version: 0.1.0
digest: sha256:7556fa96a2d4a77c01f410c944290f88f8bf0d701a7ffe55dbcc7da1cfe58c38
generated: "2026-06-22T13:27:58.875272+02:00"
